
Microsoft Visual Studio Solution File, Format Version 12.00
# Visual Studio Version 17
VisualStudioVersion = 17.1.32228.430
MinimumVisualStudioVersion = 10.0.40219.1
Project("{FAE04EC0-301F-11D3-BF4B-00C04F79EFBC}") = "WebAPI", "WebAPI.csproj", "{40243293-4510-4366-9568-8B41417522F5}"
EndProject
Global
	GlobalSection(SolutionConfigurationPlatforms) = preSolution
		Debug|Any CPU = Debug|Any CPU
		Release|Any CPU = Release|Any CPU
	EndGlobalSection
	GlobalSection(ProjectConfigurationPlatforms) = postSolution
		{40243293-4510-4366-9568-8B41417522F5}.Debug|Any CPU.ActiveCfg = Debug|Any CPU
		{40243293-4510-4366-9568-8B41417522F5}.Debug|Any CPU.Build.0 = Debug|Any CPU
		{40243293-4510-4366-9568-8B41417522F5}.Release|Any CPU.ActiveCfg = Release|Any CPU
		{40243293-4510-4366-9568-8B41417522F5}.Release|Any CPU.Build.0 = Release|Any CPU
	EndGlobalSection
	GlobalSection(SolutionProperties) = preSolution
		HideSolutionNode = FALSE
	EndGlobalSection
	GlobalSection(ExtensibilityGlobals) = postSolution
		SolutionGuid = {8ED4FE29-ECE5-4F74-AA19-8EBB25B89218}
	EndGlobalSection
EndGlobal
